
Microsoft Visual Studio Solution File, Format Version 12.00
# Visual Studio 15
VisualStudioVersion = 15.0.28307.438
MinimumVisualStudioVersion = 10.0.40219.1
Project("{FAE04EC0-301F-11D3-BF4B-00C04F79EFBC}") = "TextBook_Biology", "TextBook_Biology\TextBook_Biology.csproj", "{FBE12991-355C-40B7-B49E-1696D2A88C82}"
EndProject
Global
	GlobalSection(SolutionConfigurationPlatforms) = preSolution
		Debug|x86 = Debug|x86
		Release|x86 = Release|x86
	EndGlobalSection
	GlobalSection(ProjectConfigurationPlatforms) = postSolution
		{FBE12991-355C-40B7-B49E-1696D2A88C82}.Debug|x86.ActiveCfg = Debug|x86
		{FBE12991-355C-40B7-B49E-1696D2A88C82}.Debug|x86.Build.0 = Debug|x86
		{FBE12991-355C-40B7-B49E-1696D2A88C82}.Release|x86.ActiveCfg = Release|x86
		{FBE12991-355C-40B7-B49E-1696D2A88C82}.Release|x86.Build.0 = Release|x86
	EndGlobalSection
	GlobalSection(SolutionProperties) = preSolution
		HideSolutionNode = FALSE
	EndGlobalSection
	GlobalSection(ExtensibilityGlobals) = postSolution
		SolutionGuid = {6DEA7450-FE8D-4FF6-AB20-65F1EEF5DCB9}
	EndGlobalSection
EndGlobal
